
Microsoft Visual Studio Solution File, Format Version 12.00
Project("{FAE04EC0-301F-11D3-BF4B-00C04F79EFBC}") = "19_calculator_program", "19_calculator_program\19_calculator_program.csproj", "{3577BC25-BFC1-4316-AECE-EBF1248B12CC}"
EndProject
Global
	GlobalSection(SolutionConfigurationPlatforms) = preSolution
		Debug|Any CPU = Debug|Any CPU
		Release|Any CPU = Release|Any CPU
	EndGlobalSection
	GlobalSection(ProjectConfigurationPlatforms) = postSolution
		{3577BC25-BFC1-4316-AECE-EBF1248B12CC}.Debug|Any CPU.ActiveCfg = Debug|Any CPU
		{3577BC25-BFC1-4316-AECE-EBF1248B12CC}.Debug|Any CPU.Build.0 = Debug|Any CPU
		{3577BC25-BFC1-4316-AECE-EBF1248B12CC}.Release|Any CPU.ActiveCfg = Release|Any CPU
		{3577BC25-BFC1-4316-AECE-EBF1248B12CC}.Release|Any CPU.Build.0 = Release|Any CPU
	EndGlobalSection
EndGlobal
