
Microsoft Visual Studio Solution File, Format Version 12.00
Project("{FAE04EC0-301F-11D3-BF4B-00C04F79EFBC}") = "15_for_loop", "15_for_loop\15_for_loop.csproj", "{21A39F79-0D54-47CB-A0FA-B7FA45D2ABDD}"
EndProject
Global
	GlobalSection(SolutionConfigurationPlatforms) = preSolution
		Debug|Any CPU = Debug|Any CPU
		Release|Any CPU = Release|Any CPU
	EndGlobalSection
	GlobalSection(ProjectConfigurationPlatforms) = postSolution
		{21A39F79-0D54-47CB-A0FA-B7FA45D2ABDD}.Debug|Any CPU.ActiveCfg = Debug|Any CPU
		{21A39F79-0D54-47CB-A0FA-B7FA45D2ABDD}.Debug|Any CPU.Build.0 = Debug|Any CPU
		{21A39F79-0D54-47CB-A0FA-B7FA45D2ABDD}.Release|Any CPU.ActiveCfg = Release|Any CPU
		{21A39F79-0D54-47CB-A0FA-B7FA45D2ABDD}.Release|Any CPU.Build.0 = Release|Any CPU
	EndGlobalSection
EndGlobal
