
Microsoft Visual Studio Solution File, Format Version 12.00
Project("{FAE04EC0-301F-11D3-BF4B-00C04F79EFBC}") = "43_list_of_objects", "43_list_of_objects\43_list_of_objects.csproj", "{C38B1011-660D-494E-9A53-207550106D26}"
EndProject
Global
	GlobalSection(SolutionConfigurationPlatforms) = preSolution
		Debug|Any CPU = Debug|Any CPU
		Release|Any CPU = Release|Any CPU
	EndGlobalSection
	GlobalSection(ProjectConfigurationPlatforms) = postSolution
		{C38B1011-660D-494E-9A53-207550106D26}.Debug|Any CPU.ActiveCfg = Debug|Any CPU
		{C38B1011-660D-494E-9A53-207550106D26}.Debug|Any CPU.Build.0 = Debug|Any CPU
		{C38B1011-660D-494E-9A53-207550106D26}.Release|Any CPU.ActiveCfg = Release|Any CPU
		{C38B1011-660D-494E-9A53-207550106D26}.Release|Any CPU.Build.0 = Release|Any CPU
	EndGlobalSection
EndGlobal
