
Microsoft Visual Studio Solution File, Format Version 12.00
Project("{FAE04EC0-301F-11D3-BF4B-00C04F79EFBC}") = "24_params keyword", "24_params keyword\24_params keyword.csproj", "{7236C59C-AA17-46B4-92A9-BEA370F9F236}"
EndProject
Global
	GlobalSection(SolutionConfigurationPlatforms) = preSolution
		Debug|Any CPU = Debug|Any CPU
		Release|Any CPU = Release|Any CPU
	EndGlobalSection
	GlobalSection(ProjectConfigurationPlatforms) = postSolution
		{7236C59C-AA17-46B4-92A9-BEA370F9F236}.Debug|Any CPU.ActiveCfg = Debug|Any CPU
		{7236C59C-AA17-46B4-92A9-BEA370F9F236}.Debug|Any CPU.Build.0 = Debug|Any CPU
		{7236C59C-AA17-46B4-92A9-BEA370F9F236}.Release|Any CPU.ActiveCfg = Release|Any CPU
		{7236C59C-AA17-46B4-92A9-BEA370F9F236}.Release|Any CPU.Build.0 = Release|Any CPU
	EndGlobalSection
EndGlobal
