
Microsoft Visual Studio Solution File, Format Version 12.00
Project("{FAE04EC0-301F-11D3-BF4B-00C04F79EFBC}") = "35_abstract_classes", "35_abstract_classes\35_abstract_classes.csproj", "{86697B3A-6A24-4422-A685-095C1348142C}"
EndProject
Global
	GlobalSection(SolutionConfigurationPlatforms) = preSolution
		Debug|Any CPU = Debug|Any CPU
		Release|Any CPU = Release|Any CPU
	EndGlobalSection
	GlobalSection(ProjectConfigurationPlatforms) = postSolution
		{86697B3A-6A24-4422-A685-095C1348142C}.Debug|Any CPU.ActiveCfg = Debug|Any CPU
		{86697B3A-6A24-4422-A685-095C1348142C}.Debug|Any CPU.Build.0 = Debug|Any CPU
		{86697B3A-6A24-4422-A685-095C1348142C}.Release|Any CPU.ActiveCfg = Release|Any CPU
		{86697B3A-6A24-4422-A685-095C1348142C}.Release|Any CPU.Build.0 = Release|Any CPU
	EndGlobalSection
EndGlobal
