
Microsoft Visual Studio Solution File, Format Version 12.00
Project("{FAE04EC0-301F-11D3-BF4B-00C04F79EFBC}") = "18_rock_paper_scissors", "18_rock_paper_scissors\18_rock_paper_scissors.csproj", "{D1779717-8D5A-40EA-89DB-BB82B6910FE5}"
EndProject
Global
	GlobalSection(SolutionConfigurationPlatforms) = preSolution
		Debug|Any CPU = Debug|Any CPU
		Release|Any CPU = Release|Any CPU
	EndGlobalSection
	GlobalSection(ProjectConfigurationPlatforms) = postSolution
		{D1779717-8D5A-40EA-89DB-BB82B6910FE5}.Debug|Any CPU.ActiveCfg = Debug|Any CPU
		{D1779717-8D5A-40EA-89DB-BB82B6910FE5}.Debug|Any CPU.Build.0 = Debug|Any CPU
		{D1779717-8D5A-40EA-89DB-BB82B6910FE5}.Release|Any CPU.ActiveCfg = Release|Any CPU
		{D1779717-8D5A-40EA-89DB-BB82B6910FE5}.Release|Any CPU.Build.0 = Release|Any CPU
	EndGlobalSection
EndGlobal
