
Microsoft Visual Studio Solution File, Format Version 12.00
Project("{FAE04EC0-301F-11D3-BF4B-00C04F79EFBC}") = "11_if_statements", "11_if_statements\11_if_statements.csproj", "{C81AEE19-8A45-469F-BBF0-613C6C68B7EE}"
EndProject
Global
	GlobalSection(SolutionConfigurationPlatforms) = preSolution
		Debug|Any CPU = Debug|Any CPU
		Release|Any CPU = Release|Any CPU
	EndGlobalSection
	GlobalSection(ProjectConfigurationPlatforms) = postSolution
		{C81AEE19-8A45-469F-BBF0-613C6C68B7EE}.Debug|Any CPU.ActiveCfg = Debug|Any CPU
		{C81AEE19-8A45-469F-BBF0-613C6C68B7EE}.Debug|Any CPU.Build.0 = Debug|Any CPU
		{C81AEE19-8A45-469F-BBF0-613C6C68B7EE}.Release|Any CPU.ActiveCfg = Release|Any CPU
		{C81AEE19-8A45-469F-BBF0-613C6C68B7EE}.Release|Any CPU.Build.0 = Release|Any CPU
	EndGlobalSection
EndGlobal
