
Microsoft Visual Studio Solution File, Format Version 12.00
Project("{FAE04EC0-301F-11D3-BF4B-00C04F79EFBC}") = "02_Variables", "02_Variables\02_Variables.csproj", "{D9AF89B9-EE36-461C-9F29-F6D4EA89AFD4}"
EndProject
Global
	GlobalSection(SolutionConfigurationPlatforms) = preSolution
		Debug|Any CPU = Debug|Any CPU
		Release|Any CPU = Release|Any CPU
	EndGlobalSection
	GlobalSection(ProjectConfigurationPlatforms) = postSolution
		{D9AF89B9-EE36-461C-9F29-F6D4EA89AFD4}.Debug|Any CPU.ActiveCfg = Debug|Any CPU
		{D9AF89B9-EE36-461C-9F29-F6D4EA89AFD4}.Debug|Any CPU.Build.0 = Debug|Any CPU
		{D9AF89B9-EE36-461C-9F29-F6D4EA89AFD4}.Release|Any CPU.ActiveCfg = Release|Any CPU
		{D9AF89B9-EE36-461C-9F29-F6D4EA89AFD4}.Release|Any CPU.Build.0 = Release|Any CPU
	EndGlobalSection
EndGlobal
