
Microsoft Visual Studio Solution File, Format Version 12.00
Project("{FAE04EC0-301F-11D3-BF4B-00C04F79EFBC}") = "08_Random_Number", "08_Random_Number\08_Random_Number.csproj", "{2C91D996-B467-44A1-89CA-2DC02954167E}"
EndProject
Global
	GlobalSection(SolutionConfigurationPlatforms) = preSolution
		Debug|Any CPU = Debug|Any CPU
		Release|Any CPU = Release|Any CPU
	EndGlobalSection
	GlobalSection(ProjectConfigurationPlatforms) = postSolution
		{2C91D996-B467-44A1-89CA-2DC02954167E}.Debug|Any CPU.ActiveCfg = Debug|Any CPU
		{2C91D996-B467-44A1-89CA-2DC02954167E}.Debug|Any CPU.Build.0 = Debug|Any CPU
		{2C91D996-B467-44A1-89CA-2DC02954167E}.Release|Any CPU.ActiveCfg = Release|Any CPU
		{2C91D996-B467-44A1-89CA-2DC02954167E}.Release|Any CPU.Build.0 = Release|Any CPU
	EndGlobalSection
EndGlobal
